{
  "name": "tealin-jkt",
  "version": "1.0.0",
  "lockfileVersion": 3,
  "requires": true,
  "packages": {
    "": {
      "name": "tealin-jkt",
      "version": "1.0.0",
      "license": "ISC",
      "dependencies": {
        "tealin-jkt": "^1.0.0"
      }
    },
    "node_modules/tealin-jkt": {
      "version": "1.0.0",
      "resolved": "https://registry.npmjs.org/tealin-jkt/-/tealin-jkt-1.0.0.tgz",
      "integrity": "sha512-702ik4FrUuORYHNLjlx3bU44zQ5OUWdMhy9BYenCxi+pjCvuj9Kvo+ot/XpQASJ8J7MFIVVLClddCL6EdjSKOA=="
    }
  }
}
